
Microsoft Visual Studio Solution File, Format Version 12.00
Project("{FAE04EC0-301F-11D3-BF4B-00C04F79EFBC}") = "SalesManagementApp_Web", "SalesManagementApp_Web\SalesManagementApp_Web.csproj", "{89F00769-3386-439D-8813-1CC48400FF8B}"
EndProject
Project("{2150E333-8FDC-42A3-9474-1A3956D46DE8}") = "Solution Items", "Solution Items", "{76216946-40F4-46E0-A568-9134A5101245}"
	ProjectSection(SolutionItems) = preProject
		docker-compose.yml = docker-compose.yml
	EndProjectSection
EndProject
Project("{2150E333-8FDC-42A3-9474-1A3956D46DE8}") = "src", "src", "{F1C8811A-83EA-4611-AAEF-AF2F5F5399C4}"
EndProject
Project("{FAE04EC0-301F-11D3-BF4B-00C04F79EFBC}") = "SalesManagementApp_Core", "SalesManagementApp_Core\SalesManagementApp_Core.csproj", "{FE467399-DF29-4C48-81E0-E48C93991520}"
EndProject
Global
	GlobalSection(SolutionConfigurationPlatforms) = preSolution
		Debug|Any CPU = Debug|Any CPU
		Release|Any CPU = Release|Any CPU
	EndGlobalSection
	GlobalSection(ProjectConfigurationPlatforms) = postSolution
		{89F00769-3386-439D-8813-1CC48400FF8B}.Debug|Any CPU.ActiveCfg = Debug|Any CPU
		{89F00769-3386-439D-8813-1CC48400FF8B}.Debug|Any CPU.Build.0 = Debug|Any CPU
		{89F00769-3386-439D-8813-1CC48400FF8B}.Release|Any CPU.ActiveCfg = Release|Any CPU
		{89F00769-3386-439D-8813-1CC48400FF8B}.Release|Any CPU.Build.0 = Release|Any CPU
		{FE467399-DF29-4C48-81E0-E48C93991520}.Debug|Any CPU.ActiveCfg = Debug|Any CPU
		{FE467399-DF29-4C48-81E0-E48C93991520}.Debug|Any CPU.Build.0 = Debug|Any CPU
		{FE467399-DF29-4C48-81E0-E48C93991520}.Release|Any CPU.ActiveCfg = Release|Any CPU
		{FE467399-DF29-4C48-81E0-E48C93991520}.Release|Any CPU.Build.0 = Release|Any CPU
	EndGlobalSection
	GlobalSection(NestedProjects) = preSolution
		{89F00769-3386-439D-8813-1CC48400FF8B} = {F1C8811A-83EA-4611-AAEF-AF2F5F5399C4}
		{FE467399-DF29-4C48-81E0-E48C93991520} = {F1C8811A-83EA-4611-AAEF-AF2F5F5399C4}
	EndGlobalSection
EndGlobal
